
Microsoft Visual Studio Solution File, Format Version 12.00
# Visual Studio Version 17
VisualStudioVersion = 17.0.31903.59
MinimumVisualStudioVersion = 10.0.40219.1
Project("{FAE04EC0-301F-11D3-BF4B-00C04F79EFBC}") = "GooseHtml.Tests", "GooseHtml.Tests\GooseHtml.Tests.csproj", "{0722ABE8-B69F-402F-B5E3-29FE615EF984}"
EndProject
Project("{FAE04EC0-301F-11D3-BF4B-00C04F79EFBC}") = "GooseHtml.Sample", "GooseHtml.Samples\GooseHtml.Sample.csproj", "{2368C9B1-8B9C-4301-AE08-027E5B852A30}"
EndProject
Project("{FAE04EC0-301F-11D3-BF4B-00C04F79EFBC}") = "GooseHtml", "GooseHtml\GooseHtml.csproj", "{36244C1A-B941-4AF4-87BD-3DD3C1C5D880}"
EndProject
Project("{FAE04EC0-301F-11D3-BF4B-00C04F79EFBC}") = "GooseHtml.Docs", "GooseHtml.Docs\GooseHtml.Docs.csproj", "{D102A1AF-23DE-4A04-8C1C-26F700FB2FCD}"
EndProject
Global
	GlobalSection(SolutionConfigurationPlatforms) = preSolution
		Debug|Any CPU = Debug|Any CPU
		Release|Any CPU = Release|Any CPU
	EndGlobalSection
	GlobalSection(SolutionProperties) = preSolution
		HideSolutionNode = FALSE
	EndGlobalSection
	GlobalSection(ProjectConfigurationPlatforms) = postSolution
		{0722ABE8-B69F-402F-B5E3-29FE615EF984}.Debug|Any CPU.ActiveCfg = Debug|Any CPU
		{0722ABE8-B69F-402F-B5E3-29FE615EF984}.Debug|Any CPU.Build.0 = Debug|Any CPU
		{0722ABE8-B69F-402F-B5E3-29FE615EF984}.Release|Any CPU.ActiveCfg = Release|Any CPU
		{0722ABE8-B69F-402F-B5E3-29FE615EF984}.Release|Any CPU.Build.0 = Release|Any CPU
		{2368C9B1-8B9C-4301-AE08-027E5B852A30}.Debug|Any CPU.ActiveCfg = Debug|Any CPU
		{2368C9B1-8B9C-4301-AE08-027E5B852A30}.Debug|Any CPU.Build.0 = Debug|Any CPU
		{2368C9B1-8B9C-4301-AE08-027E5B852A30}.Release|Any CPU.ActiveCfg = Release|Any CPU
		{2368C9B1-8B9C-4301-AE08-027E5B852A30}.Release|Any CPU.Build.0 = Release|Any CPU
		{36244C1A-B941-4AF4-87BD-3DD3C1C5D880}.Debug|Any CPU.ActiveCfg = Debug|Any CPU
		{36244C1A-B941-4AF4-87BD-3DD3C1C5D880}.Debug|Any CPU.Build.0 = Debug|Any CPU
		{36244C1A-B941-4AF4-87BD-3DD3C1C5D880}.Release|Any CPU.ActiveCfg = Release|Any CPU
		{36244C1A-B941-4AF4-87BD-3DD3C1C5D880}.Release|Any CPU.Build.0 = Release|Any CPU
		{D102A1AF-23DE-4A04-8C1C-26F700FB2FCD}.Debug|Any CPU.ActiveCfg = Debug|Any CPU
		{D102A1AF-23DE-4A04-8C1C-26F700FB2FCD}.Debug|Any CPU.Build.0 = Debug|Any CPU
		{D102A1AF-23DE-4A04-8C1C-26F700FB2FCD}.Release|Any CPU.ActiveCfg = Release|Any CPU
		{D102A1AF-23DE-4A04-8C1C-26F700FB2FCD}.Release|Any CPU.Build.0 = Release|Any CPU
	EndGlobalSection
EndGlobal
